
Microsoft Visual Studio Solution File, Format Version 12.00
# Visual Studio Version 16
VisualStudioVersion = 16.0.29503.13
MinimumVisualStudioVersion = 10.0.40219.1
Project("{FAE04EC0-301F-11D3-BF4B-00C04F79EFBC}") = "BattleCity", "BattleCity.csproj", "{480A2C99-5BAE-491B-9A85-8C3EF2F62721}"
EndProject
Project("{FAE04EC0-301F-11D3-BF4B-00C04F79EFBC}") = "MyLibrary", "MyTanks\MyLibrary.csproj", "{D06AF7E8-88E6-40FF-B605-6DEA7D303AFA}"
EndProject
Global
	GlobalSection(SolutionConfigurationPlatforms) = preSolution
		Debug|Any CPU = Debug|Any CPU
		Release|Any CPU = Release|Any CPU
	EndGlobalSection
	GlobalSection(ProjectConfigurationPlatforms) = postSolution
		{480A2C99-5BAE-491B-9A85-8C3EF2F62721}.Debug|Any CPU.ActiveCfg = Debug|Any CPU
		{480A2C99-5BAE-491B-9A85-8C3EF2F62721}.Debug|Any CPU.Build.0 = Debug|Any CPU
		{480A2C99-5BAE-491B-9A85-8C3EF2F62721}.Release|Any CPU.ActiveCfg = Release|Any CPU
		{480A2C99-5BAE-491B-9A85-8C3EF2F62721}.Release|Any CPU.Build.0 = Release|Any CPU
		{D06AF7E8-88E6-40FF-B605-6DEA7D303AFA}.Debug|Any CPU.ActiveCfg = Debug|Any CPU
		{D06AF7E8-88E6-40FF-B605-6DEA7D303AFA}.Debug|Any CPU.Build.0 = Debug|Any CPU
		{D06AF7E8-88E6-40FF-B605-6DEA7D303AFA}.Release|Any CPU.ActiveCfg = Release|Any CPU
		{D06AF7E8-88E6-40FF-B605-6DEA7D303AFA}.Release|Any CPU.Build.0 = Release|Any CPU
	EndGlobalSection
	GlobalSection(SolutionProperties) = preSolution
		HideSolutionNode = FALSE
	EndGlobalSection
	GlobalSection(ExtensibilityGlobals) = postSolution
		SolutionGuid = {F7CED9B1-89D6-4632-B9A7-D58B35DCCBC6}
	EndGlobalSection
EndGlobal
